// !$*UTF8*$!
{
	archiveVersion = 1;
	classes = {
	};
	objectVersion = 77;
	objects = {

/* Begin PBXContainerItemProxy section */
		2904A4EF2F16F7F000F489A4 /* PBXContainerItemProxy */ = {
			isa = PBXContainerItemProxy;
			containerPortal = 2904A4D72F16F7EF00F489A4 /* Project object */;
			proxyType = 1;
			remoteGlobalIDString = 2904A4DE2F16F7EF00F489A4;
			remoteInfo = "receipts_and_insights-mobile";
		};
		2904A4F92F16F7F000F489A4 /* PBXContainerItemProxy */ = {
			isa = PBXContainerItemProxy;
			containerPortal = 2904A4D72F16F7EF00F489A4 /* Project object */;
			proxyType = 1;
			remoteGlobalIDString = 2904A4DE2F16F7EF00F489A4;
			remoteInfo = "receipts_and_insights-mobile";
		};
/* End PBXContainerItemProxy section */

/* Begin PBXFileReference section */
		2904A4DF2F16F7EF00F489A4 /* receipts_and_insights-mobile.app */ = {isa = PBXFileReference; explicitFileType = wrapper.application; includeInIndex = 0; path = "receipts_and_insights-mobile.app"; sourceTree = BUILT_PRODUCTS_DIR; };
		2904A4EE2F16F7F000F489A4 /* receipts_and_insights-mobileTests.xctest */ = {isa = PBXFileReference; explicitFileType = wrapper.cfbundle; includeInIndex = 0; path = "receipts_and_insights-mobileTests.xctest"; sourceTree = BUILT_PRODUCTS_DIR; };
		2904A4F82F16F7F000F489A4 /* receipts_and_insights-mobileUITests.xctest */ = {isa = PBXFileReference; explicitFileType = wrapper.cfbundle; includeInIndex = 0; path = "receipts_and_insights-mobileUITests.xctest"; sourceTree = BUILT_PRODUCTS_DIR; };
/* End PBXFileReference section */

/* Begin PBXFileSystemSynchronizedRootGroup section */
		2904A4E12F16F7EF00F489A4 /* receipts_and_insights-mobile */ = {
			isa = PBXFileSystemSynchronizedRootGroup;
			path = "receipts_and_insights-mobile";
			sourceTree = "<group>";
		};
		2904A4F12F16F7F000F489A4 /* receipts_and_insights-mobileTests */ = {
			isa = PBXFileSystemSynchronizedRootGroup;
			path = "receipts_and_insights-mobileTests";
			sourceTree = "<group>";
		};
		2904A4FB2F16F7F000F489A4 /* receipts_and_insights-mobileUITests */ = {
			isa = PBXFileSystemSynchronizedRootGroup;
			path = "receipts_and_insights-mobileUITests";
			sourceTree = "<group>";
		};
/* End PBXFileSystemSynchronizedRootGroup section */

/* Begin PBXFrameworksBuildPhase section */
		2904A4DC2F16F7EF00F489A4 /* Frameworks */ = {
			isa = PBXFrameworksBuildPhase;
			buildActionMask = 2147483647;
			files = (
			);
			runOnlyForDeploymentPostprocessing = 0;
		};
		2904A4EB2F16F7F000F489A4 /* Frameworks */ = {
			isa = PBXFrameworksBuildPhase;
			buildActionMask = 2147483647;
			files = (
			);
			runOnlyForDeploymentPostprocessing = 0;
		};
		2904A4F52F16F7F000F489A4 /* Frameworks */ = {
			isa = PBXFrameworksBuildPhase;
			buildActionMask = 2147483647;
			files = (
			);
			runOnlyForDeploymentPostprocessing = 0;
		};
/* End PBXFrameworksBuildPhase section */

/* Begin PBXGroup section */
		2904A4D62F16F7EF00F489A4 = {
			isa = PBXGroup;
			children = (
				2904A4E12F16F7EF00F489A4 /* receipts_and_insights-mobile */,
				2904A4F12F16F7F000F489A4 /* receipts_and_insights-mobileTests */,
				2904A4FB2F16F7F000F489A4 /* receipts_and_insights-mobileUITests */,
				2904A4E02F16F7EF00F489A4 /* Products */,
			);
			sourceTree = "<group>";
		};
		2904A4E02F16F7EF00F489A4 /* Products */ = {
			isa = PBXGroup;
			children = (
				2904A4DF2F16F7EF00F489A4 /* receipts_and_insights-mobile.app */,
				2904A4EE2F16F7F000F489A4 /* receipts_and_insights-mobileTests.xctest */,
				2904A4F82F16F7F000F489A4 /* receipts_and_insights-mobileUITests.xctest */,
			);
			name = Products;
			sourceTree = "<group>";
		};
/* End PBXGroup section */

/* Begin PBXNativeTarget section */
		2904A4DE2F16F7EF00F489A4 /* receipts_and_insights-mobile */ = {
			isa = PBXNativeTarget;
			buildConfigurationList = 2904A5022F16F7F000F489A4 /* Build configuration list for PBXNativeTarget "receipts_and_insights-mobile" */;
			buildPhases = (
				2904A4DB2F16F7EF00F489A4 /* Sources */,
				2904A4DC2F16F7EF00F489A4 /* Frameworks */,
				2904A4DD2F16F7EF00F489A4 /* Resources */,
			);
			buildRules = (
			);
			dependencies = (
			);
			fileSystemSynchronizedGroups = (
				2904A4E12F16F7EF00F489A4 /* receipts_and_insights-mobile */,
			);
			name = "receipts_and_insights-mobile";
			packageProductDependencies = (
			);
			productName = "receipts_and_insights-mobile";
			productReference = 2904A4DF2F16F7EF00F489A4 /* receipts_and_insights-mobile.app */;
			productType = "com.apple.product-type.application";
		};
		2904A4ED2F16F7F000F489A4 /* receipts_and_insights-mobileTests */ = {
			isa = PBXNativeTarget;
			buildConfigurationList = 2904A5052F16F7F000F489A4 /* Build configuration list for PBXNativeTarget "receipts_and_insights-mobileTests" */;
			buildPhases = (
				2904A4EA2F16F7F000F489A4 /* Sources */,
				2904A4EB2F16F7F000F489A4 /* Frameworks */,
				2904A4EC2F16F7F000F489A4 /* Resources */,
			);
			buildRules = (
			);
			dependencies = (
				2904A4F02F16F7F000F489A4 /* PBXTargetDependency */,
			);
			fileSystemSynchronizedGroups = (
				2904A4F12F16F7F000F489A4 /* receipts_and_insights-mobileTests */,
			);
			name = "receipts_and_insights-mobileTests";
			packageProductDependencies = (
			);
			productName = "receipts_and_insights-mobileTests";
			productReference = 2904A4EE2F16F7F000F489A4 /* receipts_and_insights-mobileTests.xctest */;
			productType = "com.apple.product-type.bundle.unit-test";
		};
		2904A4F72F16F7F000F489A4 /* receipts_and_insights-mobileUITests */ = {
			isa = PBXNativeTarget;
			buildConfigurationList = 2904A5082F16F7F000F489A4 /* Build configuration list for PBXNativeTarget "receipts_and_insights-mobileUITests" */;
			buildPhases = (
				2904A4F42F16F7F000F489A4 /* Sources */,
				2904A4F52F16F7F000F489A4 /* Frameworks */,
				2904A4F62F16F7F000F489A4 /* Resources */,
			);
			buildRules = (
			);
			dependencies = (
				2904A4FA2F16F7F000F489A4 /* PBXTargetDependency */,
			);
			fileSystemSynchronizedGroups = (
				2904A4FB2F16F7F000F489A4 /* receipts_and_insights-mobileUITests */,
			);
			name = "receipts_and_insights-mobileUITests";
			packageProductDependencies = (
			);
			productName = "receipts_and_insights-mobileUITests";
			productReference = 2904A4F82F16F7F000F489A4 /* receipts_and_insights-mobileUITests.xctest */;
			productType = "com.apple.product-type.bundle.ui-testing";
		};
/* End PBXNativeTarget section */

/* Begin PBXProject section */
		2904A4D72F16F7EF00F489A4 /* Project object */ = {
			isa = PBXProject;
			attributes = {
				BuildIndependentTargetsInParallel = 1;
				LastSwiftUpdateCheck = 2620;
				LastUpgradeCheck = 2620;
				TargetAttributes = {
					2904A4DE2F16F7EF00F489A4 = {
						CreatedOnToolsVersion = 26.2;
					};
					2904A4ED2F16F7F000F489A4 = {
						CreatedOnToolsVersion = 26.2;
						TestTargetID = 2904A4DE2F16F7EF00F489A4;
					};
					2904A4F72F16F7F000F489A4 = {
						CreatedOnToolsVersion = 26.2;
						TestTargetID = 2904A4DE2F16F7EF00F489A4;
					};
				};
			};
			buildConfigurationList = 2904A4DA2F16F7EF00F489A4 /* Build configuration list for PBXProject "receipts_and_insights-mobile" */;
			developmentRegion = en;
			hasScannedForEncodings = 0;
			knownRegions = (
				en,
				Base,
			);
			mainGroup = 2904A4D62F16F7EF00F489A4;
			minimizedProjectReferenceProxies = 1;
			packageReferences = (
				295832CD2F1EB9AE00F2CC80 /* XCRemoteSwiftPackageReference "SwiftLintPlugins" */,
				295832CE2F1EB9C400F2CC80 /* XCRemoteSwiftPackageReference "SwiftFormat" */,
			);
			preferredProjectObjectVersion = 77;
			productRefGroup = 2904A4E02F16F7EF00F489A4 /* Products */;
			projectDirPath = "";
			projectRoot = "";
			targets = (
				2904A4DE2F16F7EF00F489A4 /* receipts_and_insights-mobile */,
				2904A4ED2F16F7F000F489A4 /* receipts_and_insights-mobileTests */,
				2904A4F72F16F7F000F489A4 /* receipts_and_insights-mobileUITests */,
			);
		};
/* End PBXProject section */

/* Begin PBXResourcesBuildPhase section */
		2904A4DD2F16F7EF00F489A4 /* Resources */ = {
			isa = PBXResourcesBuildPhase;
			buildActionMask = 2147483647;
			files = (
			);
			runOnlyForDeploymentPostprocessing = 0;
		};
		2904A4EC2F16F7F000F489A4 /* Resources */ = {
			isa = PBXResourcesBuildPhase;
			buildActionMask = 2147483647;
			files = (
			);
			runOnlyForDeploymentPostprocessing = 0;
		};
		2904A4F62F16F7F000F489A4 /* Resources */ = {
			isa = PBXResourcesBuildPhase;
			buildActionMask = 2147483647;
			files = (
			);
			runOnlyForDeploymentPostprocessing = 0;
		};
/* End PBXResourcesBuildPhase section */

/* Begin PBXSourcesBuildPhase section */
		2904A4DB2F16F7EF00F489A4 /* Sources */ = {
			isa = PBXSourcesBuildPhase;
			buildActionMask = 2147483647;
			files = (
			);
			runOnlyForDeploymentPostprocessing = 0;
		};
		2904A4EA2F16F7F000F489A4 /* Sources */ = {
			isa = PBXSourcesBuildPhase;
			buildActionMask = 2147483647;
			files = (
			);
			runOnlyForDeploymentPostprocessing = 0;
		};
		2904A4F42F16F7F000F489A4 /* Sources */ = {
			isa = PBXSourcesBuildPhase;
			buildActionMask = 2147483647;
			files = (
			);
			runOnlyForDeploymentPostprocessing = 0;
		};
/* End PBXSourcesBuildPhase section */

/* Begin PBXTargetDependency section */
		2904A4F02F16F7F000F489A4 /* PBXTargetDependency */ = {
			isa = PBXTargetDependency;
			target = 2904A4DE2F16F7EF00F489A4 /* receipts_and_insights-mobile */;
			targetProxy = 2904A4EF2F16F7F000F489A4 /* PBXContainerItemProxy */;
		};
		2904A4FA2F16F7F000F489A4 /* PBXTargetDependency */ = {
			isa = PBXTargetDependency;
			target = 2904A4DE2F16F7EF00F489A4 /* receipts_and_insights-mobile */;
			targetProxy = 2904A4F92F16F7F000F489A4 /* PBXContainerItemProxy */;
		};
/* End PBXTargetDependency section */

/* Begin XCBuildConfiguration section */
		2904A5002F16F7F000F489A4 /* Debug */ = {
			isa = XCBuildConfiguration;
			buildSettings = {
				ALWAYS_SEARCH_USER_PATHS = NO;
				ASSETCATALOG_COMPILER_GENERATE_SWIFT_ASSET_SYMBOL_EXTENSIONS = YES;
				CLANG_ANALYZER_NONNULL = YES;
				CLANG_ANALYZER_NUMBER_OBJECT_CONVERSION = YES_AGGRESSIVE;
				CLANG_CXX_LANGUAGE_STANDARD = "gnu++20";
				CLANG_ENABLE_MODULES = YES;
				CLANG_ENABLE_OBJC_ARC = YES;
				CLANG_ENABLE_OBJC_WEAK = YES;
				CLANG_WARN_BLOCK_CAPTURE_AUTORELEASING = YES;
				CLANG_WARN_BOOL_CONVERSION = YES;
				CLANG_WARN_COMMA = YES;
				CLANG_WARN_CONSTANT_CONVERSION = YES;
				CLANG_WARN_DEPRECATED_OBJC_IMPLEMENTATIONS = YES;
				CLANG_WARN_DIRECT_OBJC_ISA_USAGE = YES_ERROR;
				CLANG_WARN_DOCUMENTATION_COMMENTS = YES;
				CLANG_WARN_EMPTY_BODY = YES;
				CLANG_WARN_ENUM_CONVERSION = YES;
				CLANG_WARN_INFINITE_RECURSION = YES;
				CLANG_WARN_INT_CONVERSION = YES;
				CLANG_WARN_NON_LITERAL_NULL_CONVERSION = YES;
				CLANG_WARN_OBJC_IMPLICIT_RETAIN_SELF = YES;
				CLANG_WARN_OBJC_LITERAL_CONVERSION = YES;
				CLANG_WARN_OBJC_ROOT_CLASS = YES_ERROR;
				CLANG_WARN_QUOTED_INCLUDE_IN_FRAMEWORK_HEADER = YES;
				CLANG_WARN_RANGE_LOOP_ANALYSIS = YES;
				CLANG_WARN_STRICT_PROTOTYPES = YES;
				CLANG_WARN_SUSPICIOUS_MOVE = YES;
				CLANG_WARN_UNGUARDED_AVAILABILITY = YES_AGGRESSIVE;
				CLANG_WARN_UNREACHABLE_CODE = YES;
				CLANG_WARN__DUPLICATE_METHOD_MATCH = YES;
				COPY_PHASE_STRIP = NO;
				DEBUG_INFORMATION_FORMAT = dwarf;
				DEVELOPMENT_TEAM = 4HM8AA4867;
				ENABLE_STRICT_OBJC_MSGSEND = YES;
				ENABLE_TESTABILITY = YES;
				ENABLE_USER_SCRIPT_SANDBOXING = YES;
				GCC_C_LANGUAGE_STANDARD = gnu17;
				GCC_DYNAMIC_NO_PIC = NO;
				GCC_NO_COMMON_BLOCKS = YES;
				GCC_OPTIMIZATION_LEVEL = 0;
				GCC_PREPROCESSOR_DEFINITIONS = (
					"DEBUG=1",
					"$(inherited)",
				);
				GCC_WARN_64_TO_32_BIT_CONVERSION = YES;
				GCC_WARN_ABOUT_RETURN_TYPE = YES_ERROR;
				GCC_WARN_UNDECLARED_SELECTOR = YES;
				GCC_WARN_UNINITIALIZED_AUTOS = YES_AGGRESSIVE;
				GCC_WARN_UNUSED_FUNCTION = YES;
				GCC_WARN_UNUSED_VARIABLE = YES;
				IPHONEOS_DEPLOYMENT_TARGET = 26.2;
				LOCALIZATION_PREFERS_STRING_CATALOGS = YES;
				MTL_ENABLE_DEBUG_INFO = INCLUDE_SOURCE;
				MTL_FAST_MATH = YES;
				ONLY_ACTIVE_ARCH = YES;
				SDKROOT = iphoneos;
				SWIFT_ACTIVE_COMPILATION_CONDITIONS = "DEBUG $(inherited)";
				SWIFT_OPTIMIZATION_LEVEL = "-Onone";
			};
			name = Debug;
		};
		2904A5012F16F7F000F489A4 /* Release */ = {
			isa = XCBuildConfiguration;
			buildSettings = {
				ALWAYS_SEARCH_USER_PATHS = NO;
				ASSETCATALOG_COMPILER_GENERATE_SWIFT_ASSET_SYMBOL_EXTENSIONS = YES;
				CLANG_ANALYZER_NONNULL = YES;
				CLANG_ANALYZER_NUMBER_OBJECT_CONVERSION = YES_AGGRESSIVE;
				CLANG_CXX_LANGUAGE_STANDARD = "gnu++20";
				CLANG_ENABLE_MODULES = YES;
				CLANG_ENABLE_OBJC_ARC = YES;
				CLANG_ENABLE_OBJC_WEAK = YES;
				CLANG_WARN_BLOCK_CAPTURE_AUTORELEASING = YES;
				CLANG_WARN_BOOL_CONVERSION = YES;
				CLANG_WARN_COMMA = YES;
				CLANG_WARN_CONSTANT_CONVERSION = YES;
				CLANG_WARN_DEPRECATED_OBJC_IMPLEMENTATIONS = YES;
				CLANG_WARN_DIRECT_OBJC_ISA_USAGE = YES_ERROR;
				CLANG_WARN_DOCUMENTATION_COMMENTS = YES;
				CLANG_WARN_EMPTY_BODY = YES;
				CLANG_WARN_ENUM_CONVERSION = YES;
				CLANG_WARN_INFINITE_RECURSION = YES;
				CLANG_WARN_INT_CONVERSION = YES;
				CLANG_WARN_NON_LITERAL_NULL_CONVERSION = YES;
				CLANG_WARN_OBJC_IMPLICIT_RETAIN_SELF = YES;
				CLANG_WARN_OBJC_LITERAL_CONVERSION = YES;
				CLANG_WARN_OBJC_ROOT_CLASS = YES_ERROR;
				CLANG_WARN_QUOTED_INCLUDE_IN_FRAMEWORK_HEADER = YES;
				CLANG_WARN_RANGE_LOOP_ANALYSIS = YES;
				CLANG_WARN_STRICT_PROTOTYPES = YES;
				CLANG_WARN_SUSPICIOUS_MOVE = YES;
				CLANG_WARN_UNGUARDED_AVAILABILITY = YES_AGGRESSIVE;
				CLANG_WARN_UNREACHABLE_CODE = YES;
				CLANG_WARN__DUPLICATE_METHOD_MATCH = YES;
				COPY_PHASE_STRIP = NO;
				DEBUG_INFORMATION_FORMAT = "dwarf-with-dsym";
				DEVELOPMENT_TEAM = 4HM8AA4867;
				ENABLE_NS_ASSERTIONS = NO;
				ENABLE_STRICT_OBJC_MSGSEND = YES;
				ENABLE_USER_SCRIPT_SANDBOXING = YES;
				GCC_C_LANGUAGE_STANDARD = gnu17;
				GCC_NO_COMMON_BLOCKS = YES;
				GCC_WARN_64_TO_32_BIT_CONVERSION = YES;
				GCC_WARN_ABOUT_RETURN_TYPE = YES_ERROR;
				GCC_WARN_UNDECLARED_SELECTOR = YES;
				GCC_WARN_UNINITIALIZED_AUTOS = YES_AGGRESSIVE;
				GCC_WARN_UNUSED_FUNCTION = YES;
				GCC_WARN_UNUSED_VARIABLE = YES;
				IPHONEOS_DEPLOYMENT_TARGET = 26.2;
				LOCALIZATION_PREFERS_STRING_CATALOGS = YES;
				MTL_ENABLE_DEBUG_INFO = NO;
				MTL_FAST_MATH = YES;
				SDKROOT = iphoneos;
				SWIFT_COMPILATION_MODE = wholemodule;
				VALIDATE_PRODUCT = YES;
			};
			name = Release;
		};
		2904A5032F16F7F000F489A4 /* Debug */ = {
			isa = XCBuildConfiguration;
			buildSettings = {
				ASSETCATALOG_COMPILER_APPICON_NAME = AppIcon;
				ASSETCATALOG_COMPILER_GLOBAL_ACCENT_COLOR_NAME = AccentColor;
				CODE_SIGN_STYLE = Automatic;
				CURRENT_PROJECT_VERSION = 1;
				DEVELOPMENT_TEAM = 4HM8AA4867;
				ENABLE_PREVIEWS = YES;
				GENERATE_INFOPLIST_FILE = YES;
				INFOPLIST_KEY_UIApplicationSceneManifest_Generation = YES;
				INFOPLIST_KEY_UIApplicationSupportsIndirectInputEvents = YES;
				INFOPLIST_KEY_UILaunchScreen_Generation = YES;
				INFOPLIST_KEY_UISupportedInterfaceOrientations_iPad = "UIInterfaceOrientationPortrait UIInterfaceOrientationPortraitUpsideDown UIInterfaceOrientationLandscapeLeft UIInterfaceOrientationLandscapeRight";
				INFOPLIST_KEY_UISupportedInterfaceOrientations_iPhone = "UIInterfaceOrientationPortrait UIInterfaceOrientationLandscapeLeft UIInterfaceOrientationLandscapeRight";
				IPHONEOS_DEPLOYMENT_TARGET = 18.6;
				LD_RUNPATH_SEARCH_PATHS = (
					"$(inherited)",
					"@executable_path/Frameworks",
				);
				MARKETING_VERSION = 1.0;
				PRODUCT_BUNDLE_IDENTIFIER = "pottsProjects.receipts-and-insights-mobile";
				PRODUCT_NAME = "$(TARGET_NAME)";
				STRING_CATALOG_GENERATE_SYMBOLS = YES;
				SWIFT_APPROACHABLE_CONCURRENCY = YES;
				SWIFT_DEFAULT_ACTOR_ISOLATION = MainActor;
				SWIFT_EMIT_LOC_STRINGS = YES;
				SWIFT_UPCOMING_FEATURE_MEMBER_IMPORT_VISIBILITY = YES;
				SWIFT_VERSION = 5.0;
				TARGETED_DEVICE_FAMILY = "1,2";
			};
			name = Debug;
		};
		2904A5042F16F7F000F489A4 /* Release */ = {
			isa = XCBuildConfiguration;
			buildSettings = {
				ASSETCATALOG_COMPILER_APPICON_NAME = AppIcon;
				ASSETCATALOG_COMPILER_GLOBAL_ACCENT_COLOR_NAME = AccentColor;
				CODE_SIGN_STYLE = Automatic;
				CURRENT_PROJECT_VERSION = 1;
				DEVELOPMENT_TEAM = 4HM8AA4867;
				ENABLE_PREVIEWS = YES;
				GENERATE_INFOPLIST_FILE = YES;
				INFOPLIST_KEY_UIApplicationSceneManifest_Generation = YES;
				INFOPLIST_KEY_UIApplicationSupportsIndirectInputEvents = YES;
				INFOPLIST_KEY_UILaunchScreen_Generation = YES;
				INFOPLIST_KEY_UISupportedInterfaceOrientations_iPad = "UIInterfaceOrientationPortrait UIInterfaceOrientationPortraitUpsideDown UIInterfaceOrientationLandscapeLeft UIInterfaceOrientationLandscapeRight";
				INFOPLIST_KEY_UISupportedInterfaceOrientations_iPhone = "UIInterfaceOrientationPortrait UIInterfaceOrientationLandscapeLeft UIInterfaceOrientationLandscapeRight";
				IPHONEOS_DEPLOYMENT_TARGET = 18.6;
				LD_RUNPATH_SEARCH_PATHS = (
					"$(inherited)",
					"@executable_path/Frameworks",
				);
				MARKETING_VERSION = 1.0;
				PRODUCT_BUNDLE_IDENTIFIER = "pottsProjects.receipts-and-insights-mobile";
				PRODUCT_NAME = "$(TARGET_NAME)";
				STRING_CATALOG_GENERATE_SYMBOLS = YES;
				SWIFT_APPROACHABLE_CONCURRENCY = YES;
				SWIFT_DEFAULT_ACTOR_ISOLATION = MainActor;
				SWIFT_EMIT_LOC_STRINGS = YES;
				SWIFT_UPCOMING_FEATURE_MEMBER_IMPORT_VISIBILITY = YES;
				SWIFT_VERSION = 5.0;
				TARGETED_DEVICE_FAMILY = "1,2";
			};
			name = Release;
		};
		2904A5062F16F7F000F489A4 /* Debug */ = {
			isa = XCBuildConfiguration;
			buildSettings = {
				BUNDLE_LOADER = "$(TEST_HOST)";
				CODE_SIGN_STYLE = Automatic;
				CURRENT_PROJECT_VERSION = 1;
				DEVELOPMENT_TEAM = 4HM8AA4867;
				GENERATE_INFOPLIST_FILE = YES;
				IPHONEOS_DEPLOYMENT_TARGET = 26.2;
				MARKETING_VERSION = 1.0;
				PRODUCT_BUNDLE_IDENTIFIER = "pottsProjects.receipts-and-insights-mobileTests";
				PRODUCT_NAME = "$(TARGET_NAME)";
				STRING_CATALOG_GENERATE_SYMBOLS = NO;
				SWIFT_APPROACHABLE_CONCURRENCY = YES;
				SWIFT_EMIT_LOC_STRINGS = NO;
				SWIFT_UPCOMING_FEATURE_MEMBER_IMPORT_VISIBILITY = YES;
				SWIFT_VERSION = 5.0;
				TARGETED_DEVICE_FAMILY = "1,2";
				TEST_HOST = "$(BUILT_PRODUCTS_DIR)/receipts_and_insights-mobile.app/$(BUNDLE_EXECUTABLE_FOLDER_PATH)/receipts_and_insights-mobile";
			};
			name = Debug;
		};
		2904A5072F16F7F000F489A4 /* Release */ = {
			isa = XCBuildConfiguration;
			buildSettings = {
				BUNDLE_LOADER = "$(TEST_HOST)";
				CODE_SIGN_STYLE = Automatic;
				CURRENT_PROJECT_VERSION = 1;
				DEVELOPMENT_TEAM = 4HM8AA4867;
				GENERATE_INFOPLIST_FILE = YES;
				IPHONEOS_DEPLOYMENT_TARGET = 26.2;
				MARKETING_VERSION = 1.0;
				PRODUCT_BUNDLE_IDENTIFIER = "pottsProjects.receipts-and-insights-mobileTests";
				PRODUCT_NAME = "$(TARGET_NAME)";
				STRING_CATALOG_GENERATE_SYMBOLS = NO;
				SWIFT_APPROACHABLE_CONCURRENCY = YES;
				SWIFT_EMIT_LOC_STRINGS = NO;
				SWIFT_UPCOMING_FEATURE_MEMBER_IMPORT_VISIBILITY = YES;
				SWIFT_VERSION = 5.0;
				TARGETED_DEVICE_FAMILY = "1,2";
				TEST_HOST = "$(BUILT_PRODUCTS_DIR)/receipts_and_insights-mobile.app/$(BUNDLE_EXECUTABLE_FOLDER_PATH)/receipts_and_insights-mobile";
			};
			name = Release;
		};
		2904A5092F16F7F000F489A4 /* Debug */ = {
			isa = XCBuildConfiguration;
			buildSettings = {
				CODE_SIGN_STYLE = Automatic;
				CURRENT_PROJECT_VERSION = 1;
				DEVELOPMENT_TEAM = 4HM8AA4867;
				GENERATE_INFOPLIST_FILE = YES;
				MARKETING_VERSION = 1.0;
				PRODUCT_BUNDLE_IDENTIFIER = "pottsProjects.receipts-and-insights-mobileUITests";
				PRODUCT_NAME = "$(TARGET_NAME)";
				STRING_CATALOG_GENERATE_SYMBOLS = NO;
				SWIFT_APPROACHABLE_CONCURRENCY = YES;
				SWIFT_EMIT_LOC_STRINGS = NO;
				SWIFT_UPCOMING_FEATURE_MEMBER_IMPORT_VISIBILITY = YES;
				SWIFT_VERSION = 5.0;
				TARGETED_DEVICE_FAMILY = "1,2";
				TEST_TARGET_NAME = "receipts_and_insights-mobile";
			};
			name = Debug;
		};
		2904A50A2F16F7F000F489A4 /* Release */ = {
			isa = XCBuildConfiguration;
			buildSettings = {
				CODE_SIGN_STYLE = Automatic;
				CURRENT_PROJECT_VERSION = 1;
				DEVELOPMENT_TEAM = 4HM8AA4867;
				GENERATE_INFOPLIST_FILE = YES;
				MARKETING_VERSION = 1.0;
				PRODUCT_BUNDLE_IDENTIFIER = "pottsProjects.receipts-and-insights-mobileUITests";
				PRODUCT_NAME = "$(TARGET_NAME)";
				STRING_CATALOG_GENERATE_SYMBOLS = NO;
				SWIFT_APPROACHABLE_CONCURRENCY = YES;
				SWIFT_EMIT_LOC_STRINGS = NO;
				SWIFT_UPCOMING_FEATURE_MEMBER_IMPORT_VISIBILITY = YES;
				SWIFT_VERSION = 5.0;
				TARGETED_DEVICE_FAMILY = "1,2";
				TEST_TARGET_NAME = "receipts_and_insights-mobile";
			};
			name = Release;
		};
/* End XCBuildConfiguration section */

/* Begin XCConfigurationList section */
		2904A4DA2F16F7EF00F489A4 /* Build configuration list for PBXProject "receipts_and_insights-mobile" */ = {
			isa = XCConfigurationList;
			buildConfigurations = (
				2904A5002F16F7F000F489A4 /* Debug */,
				2904A5012F16F7F000F489A4 /* Release */,
			);
			defaultConfigurationIsVisible = 0;
			defaultConfigurationName = Release;
		};
		2904A5022F16F7F000F489A4 /* Build configuration list for PBXNativeTarget "receipts_and_insights-mobile" */ = {
			isa = XCConfigurationList;
			buildConfigurations = (
				2904A5032F16F7F000F489A4 /* Debug */,
				2904A5042F16F7F000F489A4 /* Release */,
			);
			defaultConfigurationIsVisible = 0;
			defaultConfigurationName = Release;
		};
		2904A5052F16F7F000F489A4 /* Build configuration list for PBXNativeTarget "receipts_and_insights-mobileTests" */ = {
			isa = XCConfigurationList;
			buildConfigurations = (
				2904A5062F16F7F000F489A4 /* Debug */,
				2904A5072F16F7F000F489A4 /* Release */,
			);
			defaultConfigurationIsVisible = 0;
			defaultConfigurationName = Release;
		};
		2904A5082F16F7F000F489A4 /* Build configuration list for PBXNativeTarget "receipts_and_insights-mobileUITests" */ = {
			isa = XCConfigurationList;
			buildConfigurations = (
				2904A5092F16F7F000F489A4 /* Debug */,
				2904A50A2F16F7F000F489A4 /* Release */,
			);
			defaultConfigurationIsVisible = 0;
			defaultConfigurationName = Release;
		};
/* End XCConfigurationList section */

/* Begin XCRemoteSwiftPackageReference section */
		295832CD2F1EB9AE00F2CC80 /* XCRemoteSwiftPackageReference "SwiftLintPlugins" */ = {
			isa = XCRemoteSwiftPackageReference;
			repositoryURL = "https://github.com/SimplyDanny/SwiftLintPlugins";
			requirement = {
				kind = upToNextMajorVersion;
				minimumVersion = 0.63.1;
			};
		};
		295832CE2F1EB9C400F2CC80 /* XCRemoteSwiftPackageReference "SwiftFormat" */ = {
			isa = XCRemoteSwiftPackageReference;
			repositoryURL = "https://github.com/nicklockwood/SwiftFormat";
			requirement = {
				kind = upToNextMajorVersion;
				minimumVersion = 0.58.7;
			};
		};
/* End XCRemoteSwiftPackageReference section */
	};
	rootObject = 2904A4D72F16F7EF00F489A4 /* Project object */;
}
